
Microsoft Visual Studio Solution File, Format Version 12.00
# Visual Studio Version 16
VisualStudioVersion = 16.0.31702.278
MinimumVisualStudioVersion = 10.0.40219.1
Project("{FAE04EC0-301F-11D3-BF4B-00C04F79EFBC}") = "LINQlab", "LINQlab\LINQlab.csproj", "{11439DB1-73B2-4535-AF66-CD96CD23825A}"
EndProject
Global
	GlobalSection(SolutionConfigurationPlatforms) = preSolution
		Debug|Any CPU = Debug|Any CPU
		Release|Any CPU = Release|Any CPU
	EndGlobalSection
	GlobalSection(ProjectConfigurationPlatforms) = postSolution
		{11439DB1-73B2-4535-AF66-CD96CD23825A}.Debug|Any CPU.ActiveCfg = Debug|Any CPU
		{11439DB1-73B2-4535-AF66-CD96CD23825A}.Debug|Any CPU.Build.0 = Debug|Any CPU
		{11439DB1-73B2-4535-AF66-CD96CD23825A}.Release|Any CPU.ActiveCfg = Release|Any CPU
		{11439DB1-73B2-4535-AF66-CD96CD23825A}.Release|Any CPU.Build.0 = Release|Any CPU
	EndGlobalSection
	GlobalSection(SolutionProperties) = preSolution
		HideSolutionNode = FALSE
	EndGlobalSection
	GlobalSection(ExtensibilityGlobals) = postSolution
		SolutionGuid = {E6AFEB16-AB77-43EF-B0D7-0DA17B4441D3}
	EndGlobalSection
EndGlobal
